
Microsoft Visual Studio Solution File, Format Version 12.00
# Visual Studio Version 16
VisualStudioVersion = 16.0.29728.190
MinimumVisualStudioVersion = 10.0.40219.1
Project("{FAE04EC0-301F-11D3-BF4B-00C04F79EFBC}") = "formatif3", "formatif3\formatif3.csproj", "{5C688EA3-AF33-4206-90F3-386F9B2785EF}"
EndProject
Global
	GlobalSection(SolutionConfigurationPlatforms) = preSolution
		Debug|Any CPU = Debug|Any CPU
		Release|Any CPU = Release|Any CPU
	EndGlobalSection
	GlobalSection(ProjectConfigurationPlatforms) = postSolution
		{5C688EA3-AF33-4206-90F3-386F9B2785EF}.Debug|Any CPU.ActiveCfg = Debug|Any CPU
		{5C688EA3-AF33-4206-90F3-386F9B2785EF}.Debug|Any CPU.Build.0 = Debug|Any CPU
		{5C688EA3-AF33-4206-90F3-386F9B2785EF}.Release|Any CPU.ActiveCfg = Release|Any CPU
		{5C688EA3-AF33-4206-90F3-386F9B2785EF}.Release|Any CPU.Build.0 = Release|Any CPU
	EndGlobalSection
	GlobalSection(SolutionProperties) = preSolution
		HideSolutionNode = FALSE
	EndGlobalSection
	GlobalSection(ExtensibilityGlobals) = postSolution
		SolutionGuid = {78875097-DAFC-4693-A67A-6A1A3B1F33B6}
	EndGlobalSection
EndGlobal
